{
  "requires": true,
  "lockfileVersion": 1,
  "dependencies": {
    "dockerfile-ast": {
      "version": "0.4.2",
      "resolved": "https://registry.npmjs.org/dockerfile-ast/-/dockerfile-ast-0.4.2.tgz",
      "integrity": "sha512-k770mVWaCm3KbyOSPFizP6WB2ucZjfAv8aun4UsKl+IivowK7ItwBixNbziBjN05yNpvCL1/IxBdZiSz6KQIvA==",
      "requires": {
        "vscode-languageserver-textdocument": "^1.0.1",
        "vscode-languageserver-types": "^3.17.0-next.3"
      }
    },
    "dockerfile-language-server-nodejs": {
      "version": "0.8.0",
      "resolved": "https://registry.npmjs.org/dockerfile-language-server-nodejs/-/dockerfile-language-server-nodejs-0.8.0.tgz",
      "integrity": "sha512-7oxOu3PWDzsTkLbUIm1O61rgdNiM9j9tAt+T0R5m0TFG0NYypYBM77pfzAYmQFpHGHAstCtOaEYzEnp0IkRCnQ==",
      "requires": {
        "dockerfile-language-service": "0.8.1",
        "dockerfile-utils": "0.9.4",
        "vscode-languageserver": "^8.0.0-next.2"
      }
    },
    "dockerfile-language-service": {
      "version": "0.8.1",
      "resolved": "https://registry.npmjs.org/dockerfile-language-service/-/dockerfile-language-service-0.8.1.tgz",
      "integrity": "sha512-bqrZ2FzG45w2Mzmak3oC5ecIl/edStygSFQ0i/8WGabb5k/w6zWwqDaHVgT8dkfogm+swHMQUu4WGTvVu1qLCA==",
      "requires": {
        "dockerfile-ast": "0.4.2",
        "dockerfile-utils": "0.9.4",
        "vscode-languageserver-types": "3.17.0-next.3"
      }
    },
    "dockerfile-utils": {
      "version": "0.9.4",
      "resolved": "https://registry.npmjs.org/dockerfile-utils/-/dockerfile-utils-0.9.4.tgz",
      "integrity": "sha512-lqmCxVhaUyCUIz9dhzYVrHZLJG5hzdcwd29JcA/0o7xIx2VwvIctUE6SpK8ugLTNuwMx/oKU2YVLaRIX/CmQPg==",
      "requires": {
        "dockerfile-ast": "0.4.2",
        "vscode-languageserver-textdocument": "^1.0.1",
        "vscode-languageserver-types": "^3.17.0-next.3"
      }
    },
    "vscode-jsonrpc": {
      "version": "8.0.0-next.7",
      "resolved": "https://registry.npmjs.org/vscode-jsonrpc/-/vscode-jsonrpc-8.0.0-next.7.tgz",
      "integrity": "sha512-JX/F31LEsims0dAlOTKFE4E+AJMiJvdRSRViifFJSqSN7EzeYyWlfuDchF7g91oRNPZOIWfibTkDf3/UMsQGzQ=="
    },
    "vscode-languageserver": {
      "version": "8.0.0-next.9",
      "resolved": "https://registry.npmjs.org/vscode-languageserver/-/vscode-languageserver-8.0.0-next.9.tgz",
      "integrity": "sha512-PO+ijJdI9NGXklkZlvEHLpVloBd0iBiOi2EXuh2QfT4bOlx2qvsWu+nBISuw0X8ZfXA4grtaPPGcrXudmlezLg==",
      "requires": {
        "vscode-languageserver-protocol": "3.17.0-next.15"
      }
    },
    "vscode-languageserver-protocol": {
      "version": "3.17.0-next.15",
      "resolved": "https://registry.npmjs.org/vscode-languageserver-protocol/-/vscode-languageserver-protocol-3.17.0-next.15.tgz",
      "integrity": "sha512-73LffxyP/0TRyk3J7bCYt0BuFBzk4Qvo5TqZndOsP+uBDbRV4IT7ebu4M/XoPDSCyZ+jDIxW7if/JbhBznmwBg==",
      "requires": {
        "vscode-jsonrpc": "8.0.0-next.7",
        "vscode-languageserver-types": "3.17.0-next.8"
      },
      "dependencies": {
        "vscode-languageserver-types": {
          "version": "3.17.0-next.8",
          "resolved": "https://registry.npmjs.org/vscode-languageserver-types/-/vscode-languageserver-types-3.17.0-next.8.tgz",
          "integrity": "sha512-Mwj+FemiEk4QUUms1GGvXwDC+laJGVFuA4glbMVJTxfXdfOFZaEuyVlLobjccBo+NzD+5oEzzejTX7nWGNajjQ=="
        }
      }
    },
    "vscode-languageserver-textdocument": {
      "version": "1.0.4",
      "resolved": "https://registry.npmjs.org/vscode-languageserver-textdocument/-/vscode-languageserver-textdocument-1.0.4.tgz",
      "integrity": "sha512-/xhqXP/2A2RSs+J8JNXpiiNVvvNM0oTosNVmQnunlKvq9o4mupHOBAnnzH0lwIPKazXKvAKsVp1kr+H/K4lgoQ=="
    },
    "vscode-languageserver-types": {
      "version": "3.17.0-next.3",
      "resolved": "https://registry.npmjs.org/vscode-languageserver-types/-/vscode-languageserver-types-3.17.0-next.3.tgz",
      "integrity": "sha512-VQcXnhKYxUW6OiRMhG++SzmZYMJwusXknJGd+FfdOnS1yHAo734OHyR0e2eEHDlv0/oWc8RZPgx/VKSKyondVg=="
    }
  }
}
